// !$*UTF8*$!
{
	archiveVersion = 1;
	classes = {
	};
	objectVersion = 55;
	objects = {

/* Begin PBXBuildFile section */
		5328C4D8285413DB0091BA01 /* AppDelegate.swift in Sources */ = {isa = PBXBuildFile; fileRef = 5328C4D7285413DB0091BA01 /* AppDelegate.swift */; };
		5328C4DA285413DB0091BA01 /* SceneDelegate.swift in Sources */ = {isa = PBXBuildFile; fileRef = 5328C4D9285413DB0091BA01 /* SceneDelegate.swift */; };
		5328C4DC285413DB0091BA01 /* ConversationsViewController.swift in Sources */ = {isa = PBXBuildFile; fileRef = 5328C4DB285413DB0091BA01 /* ConversationsViewController.swift */; };
		5328C4DF285413DB0091BA01 /* Main.storyboard in Resources */ = {isa = PBXBuildFile; fileRef = 5328C4DD285413DB0091BA01 /* Main.storyboard */; };
		5328C4E1285413E40091BA01 /* Assets.xcassets in Resources */ = {isa = PBXBuildFile; fileRef = 5328C4E0285413E40091BA01 /* Assets.xcassets */; };
		5328C4E4285413E40091BA01 /* LaunchScreen.storyboard in Resources */ = {isa = PBXBuildFile; fileRef = 5328C4E2285413E40091BA01 /* LaunchScreen.storyboard */; };
		5328C4F428543E4D0091BA01 /* LoginViewController.swift in Sources */ = {isa = PBXBuildFile; fileRef = 5328C4F328543E4D0091BA01 /* LoginViewController.swift */; };
		5328C4F628543F190091BA01 /* RegisterViewController.swift in Sources */ = {isa = PBXBuildFile; fileRef = 5328C4F528543F190091BA01 /* RegisterViewController.swift */; };
		5328C4F828543F390091BA01 /* PhotoViewerViewController.swift in Sources */ = {isa = PBXBuildFile; fileRef = 5328C4F728543F390091BA01 /* PhotoViewerViewController.swift */; };
		5328C4FA28543F750091BA01 /* VideoPlayerViewController.swift in Sources */ = {isa = PBXBuildFile; fileRef = 5328C4F928543F750091BA01 /* VideoPlayerViewController.swift */; };
		5328C4FC285440FC0091BA01 /* NewConversationsViewController.swift in Sources */ = {isa = PBXBuildFile; fileRef = 5328C4FB285440FC0091BA01 /* NewConversationsViewController.swift */; };
		5328C4FE2854411D0091BA01 /* ProfileViewController.swift in Sources */ = {isa = PBXBuildFile; fileRef = 5328C4FD2854411D0091BA01 /* ProfileViewController.swift */; };
/* End PBXBuildFile section */

/* Begin PBXFileReference section */
		5328C4D4285413DB0091BA01 /* Messenger.app */ = {isa = PBXFileReference; explicitFileType = wrapper.application; includeInIndex = 0; path = Messenger.app; sourceTree = BUILT_PRODUCTS_DIR; };
		5328C4D7285413DB0091BA01 /* AppDelegate.swift */ = {isa = PBXFileReference; lastKnownFileType = sourcecode.swift; path = AppDelegate.swift; sourceTree = "<group>"; };
		5328C4D9285413DB0091BA01 /* SceneDelegate.swift */ = {isa = PBXFileReference; lastKnownFileType = sourcecode.swift; path = SceneDelegate.swift; sourceTree = "<group>"; };
		5328C4DB285413DB0091BA01 /* ConversationsViewController.swift */ = {isa = PBXFileReference; lastKnownFileType = sourcecode.swift; path = ConversationsViewController.swift; sourceTree = "<group>"; };
		5328C4DE285413DB0091BA01 /* Base */ = {isa = PBXFileReference; lastKnownFileType = file.storyboard; name = Base; path = Base.lproj/Main.storyboard; sourceTree = "<group>"; };
		5328C4E0285413E40091BA01 /* Assets.xcassets */ = {isa = PBXFileReference; lastKnownFileType = folder.assetcatalog; path = Assets.xcassets; sourceTree = "<group>"; };
		5328C4E3285413E40091BA01 /* Base */ = {isa = PBXFileReference; lastKnownFileType = file.storyboard; name = Base; path = Base.lproj/LaunchScreen.storyboard; sourceTree = "<group>"; };
		5328C4E5285413E40091BA01 /* Info.plist */ = {isa = PBXFileReference; lastKnownFileType = text.plist.xml; path = Info.plist; sourceTree = "<group>"; };
		5328C4F328543E4D0091BA01 /* LoginViewController.swift */ = {isa = PBXFileReference; lastKnownFileType = sourcecode.swift; path = LoginViewController.swift; sourceTree = "<group>"; };
		5328C4F528543F190091BA01 /* RegisterViewController.swift */ = {isa = PBXFileReference; lastKnownFileType = sourcecode.swift; path = RegisterViewController.swift; sourceTree = "<group>"; };
		5328C4F728543F390091BA01 /* PhotoViewerViewController.swift */ = {isa = PBXFileReference; lastKnownFileType = sourcecode.swift; path = PhotoViewerViewController.swift; sourceTree = "<group>"; };
		5328C4F928543F750091BA01 /* VideoPlayerViewController.swift */ = {isa = PBXFileReference; lastKnownFileType = sourcecode.swift; path = VideoPlayerViewController.swift; sourceTree = "<group>"; };
		5328C4FB285440FC0091BA01 /* NewConversationsViewController.swift */ = {isa = PBXFileReference; lastKnownFileType = sourcecode.swift; path = NewConversationsViewController.swift; sourceTree = "<group>"; };
		5328C4FD2854411D0091BA01 /* ProfileViewController.swift */ = {isa = PBXFileReference; lastKnownFileType = sourcecode.swift; path = ProfileViewController.swift; sourceTree = "<group>"; };
/* End PBXFileReference section */

/* Begin PBXFrameworksBuildPhase section */
		5328C4D1285413DB0091BA01 /* Frameworks */ = {
			isa = PBXFrameworksBuildPhase;
			buildActionMask = 2147483647;
			files = (
			);
			runOnlyForDeploymentPostprocessing = 0;
		};
/* End PBXFrameworksBuildPhase section */

/* Begin PBXGroup section */
		5328C4CB285413DB0091BA01 = {
			isa = PBXGroup;
			children = (
				5328C4D6285413DB0091BA01 /* Messenger */,
				5328C4D5285413DB0091BA01 /* Products */,
			);
			sourceTree = "<group>";
		};
		5328C4D5285413DB0091BA01 /* Products */ = {
			isa = PBXGroup;
			children = (
				5328C4D4285413DB0091BA01 /* Messenger.app */,
			);
			name = Products;
			sourceTree = "<group>";
		};
		5328C4D6285413DB0091BA01 /* Messenger */ = {
			isa = PBXGroup;
			children = (
				5328C4EC285424210091BA01 /* ViewModels */,
				5328C4EB285424170091BA01 /* Resources */,
				5328C4EF2854245F0091BA01 /* Views */,
				5328C4ED2854242A0091BA01 /* Models */,
				5328C4F1285424770091BA01 /* Controllers */,
				5328C4E5285413E40091BA01 /* Info.plist */,
			);
			path = Messenger;
			sourceTree = "<group>";
		};
		5328C4EB285424170091BA01 /* Resources */ = {
			isa = PBXGroup;
			children = (
				5328C4D7285413DB0091BA01 /* AppDelegate.swift */,
				5328C4D9285413DB0091BA01 /* SceneDelegate.swift */,
			);
			path = Resources;
			sourceTree = "<group>";
		};
		5328C4EC285424210091BA01 /* ViewModels */ = {
			isa = PBXGroup;
			children = (
			);
			path = ViewModels;
			sourceTree = "<group>";
		};
		5328C4ED2854242A0091BA01 /* Models */ = {
			isa = PBXGroup;
			children = (
			);
			path = Models;
			sourceTree = "<group>";
		};
		5328C4EF2854245F0091BA01 /* Views */ = {
			isa = PBXGroup;
			children = (
				5328C4F2285426C80091BA01 /* Storyboards */,
				5328C4E0285413E40091BA01 /* Assets.xcassets */,
			);
			path = Views;
			sourceTree = "<group>";
		};
		5328C4F1285424770091BA01 /* Controllers */ = {
			isa = PBXGroup;
			children = (
				5328C4DB285413DB0091BA01 /* ConversationsViewController.swift */,
				5328C4F328543E4D0091BA01 /* LoginViewController.swift */,
				5328C4F528543F190091BA01 /* RegisterViewController.swift */,
				5328C4F728543F390091BA01 /* PhotoViewerViewController.swift */,
				5328C4F928543F750091BA01 /* VideoPlayerViewController.swift */,
				5328C4FB285440FC0091BA01 /* NewConversationsViewController.swift */,
				5328C4FD2854411D0091BA01 /* ProfileViewController.swift */,
			);
			path = Controllers;
			sourceTree = "<group>";
		};
		5328C4F2285426C80091BA01 /* Storyboards */ = {
			isa = PBXGroup;
			children = (
				5328C4DD285413DB0091BA01 /* Main.storyboard */,
				5328C4E2285413E40091BA01 /* LaunchScreen.storyboard */,
			);
			path = Storyboards;
			sourceTree = "<group>";
		};
/* End PBXGroup section */

/* Begin PBXNativeTarget section */
		5328C4D3285413DB0091BA01 /* Messenger */ = {
			isa = PBXNativeTarget;
			buildConfigurationList = 5328C4E8285413E40091BA01 /* Build configuration list for PBXNativeTarget "Messenger" */;
			buildPhases = (
				5328C4D0285413DB0091BA01 /* Sources */,
				5328C4D1285413DB0091BA01 /* Frameworks */,
				5328C4D2285413DB0091BA01 /* Resources */,
			);
			buildRules = (
			);
			dependencies = (
			);
			name = Messenger;
			productName = Messenger;
			productReference = 5328C4D4285413DB0091BA01 /* Messenger.app */;
			productType = "com.apple.product-type.application";
		};
/* End PBXNativeTarget section */

/* Begin PBXProject section */
		5328C4CC285413DB0091BA01 /* Project object */ = {
			isa = PBXProject;
			attributes = {
				BuildIndependentTargetsInParallel = 1;
				LastSwiftUpdateCheck = 1340;
				LastUpgradeCheck = 1340;
				TargetAttributes = {
					5328C4D3285413DB0091BA01 = {
						CreatedOnToolsVersion = 13.4.1;
					};
				};
			};
			buildConfigurationList = 5328C4CF285413DB0091BA01 /* Build configuration list for PBXProject "Messenger" */;
			compatibilityVersion = "Xcode 13.0";
			developmentRegion = en;
			hasScannedForEncodings = 0;
			knownRegions = (
				en,
				Base,
			);
			mainGroup = 5328C4CB285413DB0091BA01;
			productRefGroup = 5328C4D5285413DB0091BA01 /* Products */;
			projectDirPath = "";
			projectRoot = "";
			targets = (
				5328C4D3285413DB0091BA01 /* Messenger */,
			);
		};
/* End PBXProject section */

/* Begin PBXResourcesBuildPhase section */
		5328C4D2285413DB0091BA01 /* Resources */ = {
			isa = PBXResourcesBuildPhase;
			buildActionMask = 2147483647;
			files = (
				5328C4E4285413E40091BA01 /* LaunchScreen.storyboard in Resources */,
				5328C4E1285413E40091BA01 /* Assets.xcassets in Resources */,
				5328C4DF285413DB0091BA01 /* Main.storyboard in Resources */,
			);
			runOnlyForDeploymentPostprocessing = 0;
		};
/* End PBXResourcesBuildPhase section */

/* Begin PBXSourcesBuildPhase section */
		5328C4D0285413DB0091BA01 /* Sources */ = {
			isa = PBXSourcesBuildPhase;
			buildActionMask = 2147483647;
			files = (
				5328C4F428543E4D0091BA01 /* LoginViewController.swift in Sources */,
				5328C4F628543F190091BA01 /* RegisterViewController.swift in Sources */,
				5328C4DC285413DB0091BA01 /* ConversationsViewController.swift in Sources */,
				5328C4FA28543F750091BA01 /* VideoPlayerViewController.swift in Sources */,
				5328C4D8285413DB0091BA01 /* AppDelegate.swift in Sources */,
				5328C4DA285413DB0091BA01 /* SceneDelegate.swift in Sources */,
				5328C4FE2854411D0091BA01 /* ProfileViewController.swift in Sources */,
				5328C4FC285440FC0091BA01 /* NewConversationsViewController.swift in Sources */,
				5328C4F828543F390091BA01 /* PhotoViewerViewController.swift in Sources */,
			);
			runOnlyForDeploymentPostprocessing = 0;
		};
/* End PBXSourcesBuildPhase section */

/* Begin PBXVariantGroup section */
		5328C4DD285413DB0091BA01 /* Main.storyboard */ = {
			isa = PBXVariantGroup;
			children = (
				5328C4DE285413DB0091BA01 /* Base */,
			);
			name = Main.storyboard;
			sourceTree = "<group>";
		};
		5328C4E2285413E40091BA01 /* LaunchScreen.storyboard */ = {
			isa = PBXVariantGroup;
			children = (
				5328C4E3285413E40091BA01 /* Base */,
			);
			name = LaunchScreen.storyboard;
			sourceTree = "<group>";
		};
/* End PBXVariantGroup section */

/* Begin XCBuildConfiguration section */
		5328C4E6285413E40091BA01 /* Debug */ = {
			isa = XCBuildConfiguration;
			buildSettings = {
				ALWAYS_SEARCH_USER_PATHS = NO;
				CLANG_ANALYZER_NONNULL = YES;
				CLANG_ANALYZER_NUMBER_OBJECT_CONVERSION = YES_AGGRESSIVE;
				CLANG_CXX_LANGUAGE_STANDARD = "gnu++17";
				CLANG_ENABLE_MODULES = YES;
				CLANG_ENABLE_OBJC_ARC = YES;
				CLANG_ENABLE_OBJC_WEAK = YES;
				CLANG_WARN_BLOCK_CAPTURE_AUTORELEASING = YES;
				CLANG_WARN_BOOL_CONVERSION = YES;
				CLANG_WARN_COMMA = YES;
				CLANG_WARN_CONSTANT_CONVERSION = YES;
				CLANG_WARN_DEPRECATED_OBJC_IMPLEMENTATIONS = YES;
				CLANG_WARN_DIRECT_OBJC_ISA_USAGE = YES_ERROR;
				CLANG_WARN_DOCUMENTATION_COMMENTS = YES;
				CLANG_WARN_EMPTY_BODY = YES;
				CLANG_WARN_ENUM_CONVERSION = YES;
				CLANG_WARN_INFINITE_RECURSION = YES;
				CLANG_WARN_INT_CONVERSION = YES;
				CLANG_WARN_NON_LITERAL_NULL_CONVERSION = YES;
				CLANG_WARN_OBJC_IMPLICIT_RETAIN_SELF = YES;
				CLANG_WARN_OBJC_LITERAL_CONVERSION = YES;
				CLANG_WARN_OBJC_ROOT_CLASS = YES_ERROR;
				CLANG_WARN_QUOTED_INCLUDE_IN_FRAMEWORK_HEADER = YES;
				CLANG_WARN_RANGE_LOOP_ANALYSIS = YES;
				CLANG_WARN_STRICT_PROTOTYPES = YES;
				CLANG_WARN_SUSPICIOUS_MOVE = YES;
				CLANG_WARN_UNGUARDED_AVAILABILITY = YES_AGGRESSIVE;
				CLANG_WARN_UNREACHABLE_CODE = YES;
				CLANG_WARN__DUPLICATE_METHOD_MATCH = YES;
				COPY_PHASE_STRIP = NO;
				DEBUG_INFORMATION_FORMAT = dwarf;
				ENABLE_STRICT_OBJC_MSGSEND = YES;
				ENABLE_TESTABILITY = YES;
				GCC_C_LANGUAGE_STANDARD = gnu11;
				GCC_DYNAMIC_NO_PIC = NO;
				GCC_NO_COMMON_BLOCKS = YES;
				GCC_OPTIMIZATION_LEVEL = 0;
				GCC_PREPROCESSOR_DEFINITIONS = (
					"DEBUG=1",
					"$(inherited)",
				);
				GCC_WARN_64_TO_32_BIT_CONVERSION = YES;
				GCC_WARN_ABOUT_RETURN_TYPE = YES_ERROR;
				GCC_WARN_UNDECLARED_SELECTOR = YES;
				GCC_WARN_UNINITIALIZED_AUTOS = YES_AGGRESSIVE;
				GCC_WARN_UNUSED_FUNCTION = YES;
				GCC_WARN_UNUSED_VARIABLE = YES;
				IPHONEOS_DEPLOYMENT_TARGET = 15.5;
				MTL_ENABLE_DEBUG_INFO = INCLUDE_SOURCE;
				MTL_FAST_MATH = YES;
				ONLY_ACTIVE_ARCH = YES;
				SDKROOT = iphoneos;
				SWIFT_ACTIVE_COMPILATION_CONDITIONS = DEBUG;
				SWIFT_OPTIMIZATION_LEVEL = "-Onone";
			};
			name = Debug;
		};
		5328C4E7285413E40091BA01 /* Release */ = {
			isa = XCBuildConfiguration;
			buildSettings = {
				ALWAYS_SEARCH_USER_PATHS = NO;
				CLANG_ANALYZER_NONNULL = YES;
				CLANG_ANALYZER_NUMBER_OBJECT_CONVERSION = YES_AGGRESSIVE;
				CLANG_CXX_LANGUAGE_STANDARD = "gnu++17";
				CLANG_ENABLE_MODULES = YES;
				CLANG_ENABLE_OBJC_ARC = YES;
				CLANG_ENABLE_OBJC_WEAK = YES;
				CLANG_WARN_BLOCK_CAPTURE_AUTORELEASING = YES;
				CLANG_WARN_BOOL_CONVERSION = YES;
				CLANG_WARN_COMMA = YES;
				CLANG_WARN_CONSTANT_CONVERSION = YES;
				CLANG_WARN_DEPRECATED_OBJC_IMPLEMENTATIONS = YES;
				CLANG_WARN_DIRECT_OBJC_ISA_USAGE = YES_ERROR;
				CLANG_WARN_DOCUMENTATION_COMMENTS = YES;
				CLANG_WARN_EMPTY_BODY = YES;
				CLANG_WARN_ENUM_CONVERSION = YES;
				CLANG_WARN_INFINITE_RECURSION = YES;
				CLANG_WARN_INT_CONVERSION = YES;
				CLANG_WARN_NON_LITERAL_NULL_CONVERSION = YES;
				CLANG_WARN_OBJC_IMPLICIT_RETAIN_SELF = YES;
				CLANG_WARN_OBJC_LITERAL_CONVERSION = YES;
				CLANG_WARN_OBJC_ROOT_CLASS = YES_ERROR;
				CLANG_WARN_QUOTED_INCLUDE_IN_FRAMEWORK_HEADER = YES;
				CLANG_WARN_RANGE_LOOP_ANALYSIS = YES;
				CLANG_WARN_STRICT_PROTOTYPES = YES;
				CLANG_WARN_SUSPICIOUS_MOVE = YES;
				CLANG_WARN_UNGUARDED_AVAILABILITY = YES_AGGRESSIVE;
				CLANG_WARN_UNREACHABLE_CODE = YES;
				CLANG_WARN__DUPLICATE_METHOD_MATCH = YES;
				COPY_PHASE_STRIP = NO;
				DEBUG_INFORMATION_FORMAT = "dwarf-with-dsym";
				ENABLE_NS_ASSERTIONS = NO;
				ENABLE_STRICT_OBJC_MSGSEND = YES;
				GCC_C_LANGUAGE_STANDARD = gnu11;
				GCC_NO_COMMON_BLOCKS = YES;
				GCC_WARN_64_TO_32_BIT_CONVERSION = YES;
				GCC_WARN_ABOUT_RETURN_TYPE = YES_ERROR;
				GCC_WARN_UNDECLARED_SELECTOR = YES;
				GCC_WARN_UNINITIALIZED_AUTOS = YES_AGGRESSIVE;
				GCC_WARN_UNUSED_FUNCTION = YES;
				GCC_WARN_UNUSED_VARIABLE = YES;
				IPHONEOS_DEPLOYMENT_TARGET = 15.5;
				MTL_ENABLE_DEBUG_INFO = NO;
				MTL_FAST_MATH = YES;
				SDKROOT = iphoneos;
				SWIFT_COMPILATION_MODE = wholemodule;
				SWIFT_OPTIMIZATION_LEVEL = "-O";
				VALIDATE_PRODUCT = YES;
			};
			name = Release;
		};
		5328C4E9285413E40091BA01 /* Debug */ = {
			isa = XCBuildConfiguration;
			buildSettings = {
				ASSETCATALOG_COMPILER_APPICON_NAME = AppIcon;
				ASSETCATALOG_COMPILER_GLOBAL_ACCENT_COLOR_NAME = AccentColor;
				CODE_SIGN_STYLE = Automatic;
				CURRENT_PROJECT_VERSION = 1;
				DEVELOPMENT_TEAM = P3JG5Z5ZA8;
				GENERATE_INFOPLIST_FILE = YES;
				INFOPLIST_FILE = Messenger/Info.plist;
				INFOPLIST_KEY_UIApplicationSupportsIndirectInputEvents = YES;
				INFOPLIST_KEY_UILaunchStoryboardName = LaunchScreen;
				INFOPLIST_KEY_UIMainStoryboardFile = Main;
				INFOPLIST_KEY_UISupportedInterfaceOrientations = UIInterfaceOrientationPortrait;
				INFOPLIST_KEY_UISupportedInterfaceOrientations_iPad = "UIInterfaceOrientationPortrait UIInterfaceOrientationPortraitUpsideDown UIInterfaceOrientationLandscapeLeft UIInterfaceOrientationLandscapeRight";
				INFOPLIST_KEY_UISupportedInterfaceOrientations_iPhone = "UIInterfaceOrientationPortrait UIInterfaceOrientationLandscapeLeft UIInterfaceOrientationLandscapeRight";
				IPHONEOS_DEPLOYMENT_TARGET = 13.5;
				LD_RUNPATH_SEARCH_PATHS = (
					"$(inherited)",
					"@executable_path/Frameworks",
				);
				MARKETING_VERSION = 1.0;
				PRODUCT_BUNDLE_IDENTIFIER = com.Avanade.Messenger;
				PRODUCT_NAME = "$(TARGET_NAME)";
				SWIFT_EMIT_LOC_STRINGS = YES;
				SWIFT_VERSION = 5.0;
				TARGETED_DEVICE_FAMILY = "1,2";
			};
			name = Debug;
		};
		5328C4EA285413E40091BA01 /* Release */ = {
			isa = XCBuildConfiguration;
			buildSettings = {
				ASSETCATALOG_COMPILER_APPICON_NAME = AppIcon;
				ASSETCATALOG_COMPILER_GLOBAL_ACCENT_COLOR_NAME = AccentColor;
				CODE_SIGN_STYLE = Automatic;
				CURRENT_PROJECT_VERSION = 1;
				DEVELOPMENT_TEAM = P3JG5Z5ZA8;
				GENERATE_INFOPLIST_FILE = YES;
				INFOPLIST_FILE = Messenger/Info.plist;
				INFOPLIST_KEY_UIApplicationSupportsIndirectInputEvents = YES;
				INFOPLIST_KEY_UILaunchStoryboardName = LaunchScreen;
				INFOPLIST_KEY_UIMainStoryboardFile = Main;
				INFOPLIST_KEY_UISupportedInterfaceOrientations = UIInterfaceOrientationPortrait;
				INFOPLIST_KEY_UISupportedInterfaceOrientations_iPad = "UIInterfaceOrientationPortrait UIInterfaceOrientationPortraitUpsideDown UIInterfaceOrientationLandscapeLeft UIInterfaceOrientationLandscapeRight";
				INFOPLIST_KEY_UISupportedInterfaceOrientations_iPhone = "UIInterfaceOrientationPortrait UIInterfaceOrientationLandscapeLeft UIInterfaceOrientationLandscapeRight";
				IPHONEOS_DEPLOYMENT_TARGET = 13.5;
				LD_RUNPATH_SEARCH_PATHS = (
					"$(inherited)",
					"@executable_path/Frameworks",
				);
				MARKETING_VERSION = 1.0;
				PRODUCT_BUNDLE_IDENTIFIER = com.Avanade.Messenger;
				PRODUCT_NAME = "$(TARGET_NAME)";
				SWIFT_EMIT_LOC_STRINGS = YES;
				SWIFT_VERSION = 5.0;
				TARGETED_DEVICE_FAMILY = "1,2";
			};
			name = Release;
		};
/* End XCBuildConfiguration section */

/* Begin XCConfigurationList section */
		5328C4CF285413DB0091BA01 /* Build configuration list for PBXProject "Messenger" */ = {
			isa = XCConfigurationList;
			buildConfigurations = (
				5328C4E6285413E40091BA01 /* Debug */,
				5328C4E7285413E40091BA01 /* Release */,
			);
			defaultConfigurationIsVisible = 0;
			defaultConfigurationName = Release;
		};
		5328C4E8285413E40091BA01 /* Build configuration list for PBXNativeTarget "Messenger" */ = {
			isa = XCConfigurationList;
			buildConfigurations = (
				5328C4E9285413E40091BA01 /* Debug */,
				5328C4EA285413E40091BA01 /* Release */,
			);
			defaultConfigurationIsVisible = 0;
			defaultConfigurationName = Release;
		};
/* End XCConfigurationList section */
	};
	rootObject = 5328C4CC285413DB0091BA01 /* Project object */;
}
